water fire steam
fire earth lava
water sand dirt
earth air sand
sand fire glass
lava air stone
air fire fog
air water tsunami
fire fire sun
sun earth grass
grass grass seeds
water earth swamp
seeds water algae
earth seeds tree
tree tree forest
sun swamp bacteria
swamp bacteria life
life stone egg
sand seeds cactus
grass fire ash
tree fire oak
forest seeds mushrooms
ash life ghost
dirt life gholem
gholem life human
stone fire iron
iron human tool
tool tree wood
tool earth field
field seeds wheat
egg life bird
swamp seeds waterlily
wood tool wheel
