water+fire=steam
water+earth=dirt
fire+earth=lava
fire+earth=lava
water+fire=steam
water+fire=steam
water+fire=steam
water+fire=steam
water+fire=steam
water+fire=steam
water+fire=steam
water+fire=steam
fire+earth=lava
fire+earth=lava
fire+earth=lava
water+earth=dirt
water+fire=steam
water+fire=steam
water+fire=steam
water+fire=steam
water+fire=steam
water+fire=steam
fire+earth=lava
earth+air=sand
earth+air=sand
earth+air=sand
water+fire=steam
sand+fire=glass
fire+earth=lava
earth+air=sand
fire+earth=lava
water+fire=steam
sand+fire=glass
fire+earth=lava
fire+earth=lava
water+fire=steam
fire+earth=lava
fire+earth=lava
earth+air=sand
fire+earth=lava
lava+air=stone
air+fire=fog
air+fire=fog
air+fire=fog
water+fire=steam
air+fire=fog
air+water=tsunami
fire+fire=sun
fire+fire=sun
sun+earth=grass
grass+grass=seeds
water+earth=swamp
seeds+water=algae
seeds+water=algae
water+fire=steam
earth+seeds=tree
sun+earth=grass
tree+tree=forest
tree+tree=forest
tree+tree=forest
tree+tree=forest
sun+swamp=bacteria
swamp+bacteria=life
life+stone=egg
sand+seeds=cactus
tree+fire=oak
grass+fire=ash
forest+seeds=mushrooms
sand+fire=glass
water+fire=steam
water+earth=swamp
air+water=tsunami
ash+life=ghost
air+water=tsunami
water+sand=dirt
dirt+life=gholem
gholem+life=human
stone+fire=iron
iron+human=tool
ash+life=ghost
air+fire=fog
air+fire=fog
tool+tree=wood
fire+earth=lava
lava+air=stone
egg+life=bird
swamp+seeds=waterlily
tree+fire=oak
wood+tool=wheel
tree+fire=oak
